
Microsoft Visual Studio Solution File, Format Version 12.00
Project("{FAE04EC0-301F-11D3-BF4B-00C04F79EFBC}") = "ConsoleApp1", "ConsoleApp1\ConsoleApp1.csproj", "{2A38705F-2F44-455E-9BD2-0CB3F74BFF55}"
EndProject
Project("{FAE04EC0-301F-11D3-BF4B-00C04F79EFBC}") = "Qc.Result", "Qc.Result\Qc.Result.csproj", "{C0627579-6F2B-45F2-8037-71D7E24500D0}"
EndProject
Project("{FAE04EC0-301F-11D3-BF4B-00C04F79EFBC}") = "AlgorithmHelpers", "AlgorithmHelpers\AlgorithmHelpers.csproj", "{DB4E62B3-335D-4C45-B8DD-C54724082ABB}"
EndProject
Project("{FAE04EC0-301F-11D3-BF4B-00C04F79EFBC}") = "AlgorithmHelpers.Tests", "AlgorithmHelpers.Tests\AlgorithmHelpers.Tests.csproj", "{6573EC70-0FFE-4CB8-A271-945748542A6D}"
EndProject
Project("{FAE04EC0-301F-11D3-BF4B-00C04F79EFBC}") = "Leetcode", "Leetcode\Leetcode.csproj", "{4B2AD7FD-470F-4520-AD8F-346123F91E8C}"
EndProject
Project("{FAE04EC0-301F-11D3-BF4B-00C04F79EFBC}") = "Graph", "Graph\Graph.csproj", "{81468D88-286C-4B0E-9B47-4C0F370ECD33}"
EndProject
Project("{FAE04EC0-301F-11D3-BF4B-00C04F79EFBC}") = "Graph.Tests", "Graph.Tests\Graph.Tests.csproj", "{36E4B4AC-F411-48FA-8351-BFDA7C3602EF}"
EndProject
Global
	GlobalSection(SolutionConfigurationPlatforms) = preSolution
		Debug|Any CPU = Debug|Any CPU
		Release|Any CPU = Release|Any CPU
	EndGlobalSection
	GlobalSection(ProjectConfigurationPlatforms) = postSolution
		{2A38705F-2F44-455E-9BD2-0CB3F74BFF55}.Debug|Any CPU.ActiveCfg = Debug|Any CPU
		{2A38705F-2F44-455E-9BD2-0CB3F74BFF55}.Debug|Any CPU.Build.0 = Debug|Any CPU
		{2A38705F-2F44-455E-9BD2-0CB3F74BFF55}.Release|Any CPU.ActiveCfg = Release|Any CPU
		{2A38705F-2F44-455E-9BD2-0CB3F74BFF55}.Release|Any CPU.Build.0 = Release|Any CPU
		{C0627579-6F2B-45F2-8037-71D7E24500D0}.Debug|Any CPU.ActiveCfg = Debug|Any CPU
		{C0627579-6F2B-45F2-8037-71D7E24500D0}.Debug|Any CPU.Build.0 = Debug|Any CPU
		{C0627579-6F2B-45F2-8037-71D7E24500D0}.Release|Any CPU.ActiveCfg = Release|Any CPU
		{C0627579-6F2B-45F2-8037-71D7E24500D0}.Release|Any CPU.Build.0 = Release|Any CPU
		{DB4E62B3-335D-4C45-B8DD-C54724082ABB}.Debug|Any CPU.ActiveCfg = Debug|Any CPU
		{DB4E62B3-335D-4C45-B8DD-C54724082ABB}.Debug|Any CPU.Build.0 = Debug|Any CPU
		{DB4E62B3-335D-4C45-B8DD-C54724082ABB}.Release|Any CPU.ActiveCfg = Release|Any CPU
		{DB4E62B3-335D-4C45-B8DD-C54724082ABB}.Release|Any CPU.Build.0 = Release|Any CPU
		{6573EC70-0FFE-4CB8-A271-945748542A6D}.Debug|Any CPU.ActiveCfg = Debug|Any CPU
		{6573EC70-0FFE-4CB8-A271-945748542A6D}.Debug|Any CPU.Build.0 = Debug|Any CPU
		{6573EC70-0FFE-4CB8-A271-945748542A6D}.Release|Any CPU.ActiveCfg = Release|Any CPU
		{6573EC70-0FFE-4CB8-A271-945748542A6D}.Release|Any CPU.Build.0 = Release|Any CPU
		{4B2AD7FD-470F-4520-AD8F-346123F91E8C}.Debug|Any CPU.ActiveCfg = Debug|Any CPU
		{4B2AD7FD-470F-4520-AD8F-346123F91E8C}.Debug|Any CPU.Build.0 = Debug|Any CPU
		{4B2AD7FD-470F-4520-AD8F-346123F91E8C}.Release|Any CPU.ActiveCfg = Release|Any CPU
		{4B2AD7FD-470F-4520-AD8F-346123F91E8C}.Release|Any CPU.Build.0 = Release|Any CPU
		{81468D88-286C-4B0E-9B47-4C0F370ECD33}.Debug|Any CPU.ActiveCfg = Debug|Any CPU
		{81468D88-286C-4B0E-9B47-4C0F370ECD33}.Debug|Any CPU.Build.0 = Debug|Any CPU
		{81468D88-286C-4B0E-9B47-4C0F370ECD33}.Release|Any CPU.ActiveCfg = Release|Any CPU
		{81468D88-286C-4B0E-9B47-4C0F370ECD33}.Release|Any CPU.Build.0 = Release|Any CPU
		{36E4B4AC-F411-48FA-8351-BFDA7C3602EF}.Debug|Any CPU.ActiveCfg = Debug|Any CPU
		{36E4B4AC-F411-48FA-8351-BFDA7C3602EF}.Debug|Any CPU.Build.0 = Debug|Any CPU
		{36E4B4AC-F411-48FA-8351-BFDA7C3602EF}.Release|Any CPU.ActiveCfg = Release|Any CPU
		{36E4B4AC-F411-48FA-8351-BFDA7C3602EF}.Release|Any CPU.Build.0 = Release|Any CPU
	EndGlobalSection
EndGlobal
