
Microsoft Visual Studio Solution File, Format Version 12.00
Project("{FAE04EC0-301F-11D3-BF4B-00C04F79EFBC}") = "DataStructures", "DataStructures\DataStructures.csproj", "{81468D88-286C-4B0E-9B47-4C0F370ECD33}"
EndProject
Project("{FAE04EC0-301F-11D3-BF4B-00C04F79EFBC}") = "DataStructures.Tests", "DataStructures.Tests\DataStructures.Tests.csproj", "{36E4B4AC-F411-48FA-8351-BFDA7C3602EF}"
EndProject
Global
	GlobalSection(SolutionConfigurationPlatforms) = preSolution
		Debug|Any CPU = Debug|Any CPU
		Release|Any CPU = Release|Any CPU
	EndGlobalSection
	GlobalSection(ProjectConfigurationPlatforms) = postSolution
		{81468D88-286C-4B0E-9B47-4C0F370ECD33}.Debug|Any CPU.ActiveCfg = Debug|Any CPU
		{81468D88-286C-4B0E-9B47-4C0F370ECD33}.Debug|Any CPU.Build.0 = Debug|Any CPU
		{81468D88-286C-4B0E-9B47-4C0F370ECD33}.Release|Any CPU.ActiveCfg = Release|Any CPU
		{81468D88-286C-4B0E-9B47-4C0F370ECD33}.Release|Any CPU.Build.0 = Release|Any CPU
		{36E4B4AC-F411-48FA-8351-BFDA7C3602EF}.Debug|Any CPU.ActiveCfg = Debug|Any CPU
		{36E4B4AC-F411-48FA-8351-BFDA7C3602EF}.Debug|Any CPU.Build.0 = Debug|Any CPU
		{36E4B4AC-F411-48FA-8351-BFDA7C3602EF}.Release|Any CPU.ActiveCfg = Release|Any CPU
		{36E4B4AC-F411-48FA-8351-BFDA7C3602EF}.Release|Any CPU.Build.0 = Release|Any CPU
	EndGlobalSection
EndGlobal
